
Microsoft Visual Studio Solution File, Format Version 12.00
# Visual Studio Version 17
VisualStudioVersion = 17.9.34622.214
MinimumVisualStudioVersion = 10.0.40219.1
Project("{FAE04EC0-301F-11D3-BF4B-00C04F79EFBC}") = "AutoUpnp", "AutoUpnp\AutoUpnp.csproj", "{4CA710A3-D3CA-473F-BC56-06360C5C4E5A}"
EndProject
Global
	GlobalSection(SolutionConfigurationPlatforms) = preSolution
		Debug|Any CPU = Debug|Any CPU
		Release|Any CPU = Release|Any CPU
	EndGlobalSection
	GlobalSection(ProjectConfigurationPlatforms) = postSolution
		{4CA710A3-D3CA-473F-BC56-06360C5C4E5A}.Debug|Any CPU.ActiveCfg = Debug|Any CPU
		{4CA710A3-D3CA-473F-BC56-06360C5C4E5A}.Debug|Any CPU.Build.0 = Debug|Any CPU
		{4CA710A3-D3CA-473F-BC56-06360C5C4E5A}.Release|Any CPU.ActiveCfg = Release|Any CPU
		{4CA710A3-D3CA-473F-BC56-06360C5C4E5A}.Release|Any CPU.Build.0 = Release|Any CPU
	EndGlobalSection
	GlobalSection(SolutionProperties) = preSolution
		HideSolutionNode = FALSE
	EndGlobalSection
	GlobalSection(ExtensibilityGlobals) = postSolution
		SolutionGuid = {10EE933D-BC73-4015-B433-593BB6965F41}
	EndGlobalSection
EndGlobal
